// !$*UTF8*$!
{
	archiveVersion = 1;
	classes = {
	};
	objectVersion = 46;
	objects = {

/* Begin PBXBuildFile section */
		3F26A85B1CC6BDBE005DFC4A /* AppDelegate.swift in Sources */ = {isa = PBXBuildFile; fileRef = 3F26A85A1CC6BDBE005DFC4A /* AppDelegate.swift */; };
		3F26A85D1CC6BDBE005DFC4A /* ViewController.swift in Sources */ = {isa = PBXBuildFile; fileRef = 3F26A85C1CC6BDBE005DFC4A /* ViewController.swift */; };
		3F26A8601CC6BDBE005DFC4A /* Main.storyboard in Resources */ = {isa = PBXBuildFile; fileRef = 3F26A85E1CC6BDBE005DFC4A /* Main.storyboard */; };
		3F26A8621CC6BDBE005DFC4A /* Assets.xcassets in Resources */ = {isa = PBXBuildFile; fileRef = 3F26A8611CC6BDBE005DFC4A /* Assets.xcassets */; };
		3F26A8651CC6BDBE005DFC4A /* LaunchScreen.storyboard in Resources */ = {isa = PBXBuildFile; fileRef = 3F26A8631CC6BDBE005DFC4A /* LaunchScreen.storyboard */; };
		3F26A8701CC6BDBE005DFC4A /* SliderCalculatorTests.swift in Sources */ = {isa = PBXBuildFile; fileRef = 3F26A86F1CC6BDBE005DFC4A /* SliderCalculatorTests.swift */; };
		3F26A87B1CC6BDBE005DFC4A /* SliderCalculatorUITests.swift in Sources */ = {isa = PBXBuildFile; fileRef = 3F26A87A1CC6BDBE005DFC4A /* SliderCalculatorUITests.swift */; };
/* End PBXBuildFile section */

/* Begin PBXContainerItemProxy section */
		3F26A86C1CC6BDBE005DFC4A /* PBXContainerItemProxy */ = {
			isa = PBXContainerItemProxy;
			containerPortal = 3F26A84F1CC6BDBE005DFC4A /* Project object */;
			proxyType = 1;
			remoteGlobalIDString = 3F26A8561CC6BDBE005DFC4A;
			remoteInfo = SliderCalculator;
		};
		3F26A8771CC6BDBE005DFC4A /* PBXContainerItemProxy */ = {
			isa = PBXContainerItemProxy;
			containerPortal = 3F26A84F1CC6BDBE005DFC4A /* Project object */;
			proxyType = 1;
			remoteGlobalIDString = 3F26A8561CC6BDBE005DFC4A;
			remoteInfo = SliderCalculator;
		};
/* End PBXContainerItemProxy section */

/* Begin PBXFileReference section */
		3F26A8571CC6BDBE005DFC4A /* SliderCalculator.app */ = {isa = PBXFileReference; explicitFileType = wrapper.application; includeInIndex = 0; path = SliderCalculator.app; sourceTree = BUILT_PRODUCTS_DIR; };
		3F26A85A1CC6BDBE005DFC4A /* AppDelegate.swift */ = {isa = PBXFileReference; lastKnownFileType = sourcecode.swift; path = AppDelegate.swift; sourceTree = "<group>"; };
		3F26A85C1CC6BDBE005DFC4A /* ViewController.swift */ = {isa = PBXFileReference; lastKnownFileType = sourcecode.swift; path = ViewController.swift; sourceTree = "<group>"; };
		3F26A85F1CC6BDBE005DFC4A /* Base */ = {isa = PBXFileReference; lastKnownFileType = file.storyboard; name = Base; path = Base.lproj/Main.storyboard; sourceTree = "<group>"; };
		3F26A8611CC6BDBE005DFC4A /* Assets.xcassets */ = {isa = PBXFileReference; lastKnownFileType = folder.assetcatalog; path = Assets.xcassets; sourceTree = "<group>"; };
		3F26A8641CC6BDBE005DFC4A /* Base */ = {isa = PBXFileReference; lastKnownFileType = file.storyboard; name = Base; path = Base.lproj/LaunchScreen.storyboard; sourceTree = "<group>"; };
		3F26A8661CC6BDBE005DFC4A /* Info.plist */ = {isa = PBXFileReference; lastKnownFileType = text.plist.xml; path = Info.plist; sourceTree = "<group>"; };
		3F26A86B1CC6BDBE005DFC4A /* SliderCalculatorTests.xctest */ = {isa = PBXFileReference; explicitFileType = wrapper.cfbundle; includeInIndex = 0; path = SliderCalculatorTests.xctest; sourceTree = BUILT_PRODUCTS_DIR; };
		3F26A86F1CC6BDBE005DFC4A /* SliderCalculatorTests.swift */ = {isa = PBXFileReference; lastKnownFileType = sourcecode.swift; path = SliderCalculatorTests.swift; sourceTree = "<group>"; };
		3F26A8711CC6BDBE005DFC4A /* Info.plist */ = {isa = PBXFileReference; lastKnownFileType = text.plist.xml; path = Info.plist; sourceTree = "<group>"; };
		3F26A8761CC6BDBE005DFC4A /* SliderCalculatorUITests.xctest */ = {isa = PBXFileReference; explicitFileType = wrapper.cfbundle; includeInIndex = 0; path = SliderCalculatorUITests.xctest; sourceTree = BUILT_PRODUCTS_DIR; };
		3F26A87A1CC6BDBE005DFC4A /* SliderCalculatorUITests.swift */ = {isa = PBXFileReference; lastKnownFileType = sourcecode.swift; path = SliderCalculatorUITests.swift; sourceTree = "<group>"; };
		3F26A87C1CC6BDBE005DFC4A /* Info.plist */ = {isa = PBXFileReference; lastKnownFileType = text.plist.xml; path = Info.plist; sourceTree = "<group>"; };
/* End PBXFileReference section */

/* Begin PBXFrameworksBuildPhase section */
		3F26A8541CC6BDBE005DFC4A /* Frameworks */ = {
			isa = PBXFrameworksBuildPhase;
			buildActionMask = 2147483647;
			files = (
			);
			runOnlyForDeploymentPostprocessing = 0;
		};
		3F26A8681CC6BDBE005DFC4A /* Frameworks */ = {
			isa = PBXFrameworksBuildPhase;
			buildActionMask = 2147483647;
			files = (
			);
			runOnlyForDeploymentPostprocessing = 0;
		};
		3F26A8731CC6BDBE005DFC4A /* Frameworks */ = {
			isa = PBXFrameworksBuildPhase;
			buildActionMask = 2147483647;
			files = (
			);
			runOnlyForDeploymentPostprocessing = 0;
		};
/* End PBXFrameworksBuildPhase section */

/* Begin PBXGroup section */
		3F26A84E1CC6BDBE005DFC4A = {
			isa = PBXGroup;
			children = (
				3F26A8591CC6BDBE005DFC4A /* SliderCalculator */,
				3F26A86E1CC6BDBE005DFC4A /* SliderCalculatorTests */,
				3F26A8791CC6BDBE005DFC4A /* SliderCalculatorUITests */,
				3F26A8581CC6BDBE005DFC4A /* Products */,
			);
			sourceTree = "<group>";
		};
		3F26A8581CC6BDBE005DFC4A /* Products */ = {
			isa = PBXGroup;
			children = (
				3F26A8571CC6BDBE005DFC4A /* SliderCalculator.app */,
				3F26A86B1CC6BDBE005DFC4A /* SliderCalculatorTests.xctest */,
				3F26A8761CC6BDBE005DFC4A /* SliderCalculatorUITests.xctest */,
			);
			name = Products;
			sourceTree = "<group>";
		};
		3F26A8591CC6BDBE005DFC4A /* SliderCalculator */ = {
			isa = PBXGroup;
			children = (
				3F26A85A1CC6BDBE005DFC4A /* AppDelegate.swift */,
				3F26A85C1CC6BDBE005DFC4A /* ViewController.swift */,
				3F26A85E1CC6BDBE005DFC4A /* Main.storyboard */,
				3F26A8611CC6BDBE005DFC4A /* Assets.xcassets */,
				3F26A8631CC6BDBE005DFC4A /* LaunchScreen.storyboard */,
				3F26A8661CC6BDBE005DFC4A /* Info.plist */,
			);
			path = SliderCalculator;
			sourceTree = "<group>";
		};
		3F26A86E1CC6BDBE005DFC4A /* SliderCalculatorTests */ = {
			isa = PBXGroup;
			children = (
				3F26A86F1CC6BDBE005DFC4A /* SliderCalculatorTests.swift */,
				3F26A8711CC6BDBE005DFC4A /* Info.plist */,
			);
			path = SliderCalculatorTests;
			sourceTree = "<group>";
		};
		3F26A8791CC6BDBE005DFC4A /* SliderCalculatorUITests */ = {
			isa = PBXGroup;
			children = (
				3F26A87A1CC6BDBE005DFC4A /* SliderCalculatorUITests.swift */,
				3F26A87C1CC6BDBE005DFC4A /* Info.plist */,
			);
			path = SliderCalculatorUITests;
			sourceTree = "<group>";
		};
/* End PBXGroup section */

/* Begin PBXNativeTarget section */
		3F26A8561CC6BDBE005DFC4A /* SliderCalculator */ = {
			isa = PBXNativeTarget;
			buildConfigurationList = 3F26A87F1CC6BDBE005DFC4A /* Build configuration list for PBXNativeTarget "SliderCalculator" */;
			buildPhases = (
				3F26A8531CC6BDBE005DFC4A /* Sources */,
				3F26A8541CC6BDBE005DFC4A /* Frameworks */,
				3F26A8551CC6BDBE005DFC4A /* Resources */,
			);
			buildRules = (
			);
			dependencies = (
			);
			name = SliderCalculator;
			productName = SliderCalculator;
			productReference = 3F26A8571CC6BDBE005DFC4A /* SliderCalculator.app */;
			productType = "com.apple.product-type.application";
		};
		3F26A86A1CC6BDBE005DFC4A /* SliderCalculatorTests */ = {
			isa = PBXNativeTarget;
			buildConfigurationList = 3F26A8821CC6BDBE005DFC4A /* Build configuration list for PBXNativeTarget "SliderCalculatorTests" */;
			buildPhases = (
				3F26A8671CC6BDBE005DFC4A /* Sources */,
				3F26A8681CC6BDBE005DFC4A /* Frameworks */,
				3F26A8691CC6BDBE005DFC4A /* Resources */,
			);
			buildRules = (
			);
			dependencies = (
				3F26A86D1CC6BDBE005DFC4A /* PBXTargetDependency */,
			);
			name = SliderCalculatorTests;
			productName = SliderCalculatorTests;
			productReference = 3F26A86B1CC6BDBE005DFC4A /* SliderCalculatorTests.xctest */;
			productType = "com.apple.product-type.bundle.unit-test";
		};
		3F26A8751CC6BDBE005DFC4A /* SliderCalculatorUITests */ = {
			isa = PBXNativeTarget;
			buildConfigurationList = 3F26A8851CC6BDBE005DFC4A /* Build configuration list for PBXNativeTarget "SliderCalculatorUITests" */;
			buildPhases = (
				3F26A8721CC6BDBE005DFC4A /* Sources */,
				3F26A8731CC6BDBE005DFC4A /* Frameworks */,
				3F26A8741CC6BDBE005DFC4A /* Resources */,
			);
			buildRules = (
			);
			dependencies = (
				3F26A8781CC6BDBE005DFC4A /* PBXTargetDependency */,
			);
			name = SliderCalculatorUITests;
			productName = SliderCalculatorUITests;
			productReference = 3F26A8761CC6BDBE005DFC4A /* SliderCalculatorUITests.xctest */;
			productType = "com.apple.product-type.bundle.ui-testing";
		};
/* End PBXNativeTarget section */

/* Begin PBXProject section */
		3F26A84F1CC6BDBE005DFC4A /* Project object */ = {
			isa = PBXProject;
			attributes = {
				LastSwiftUpdateCheck = 0730;
				LastUpgradeCheck = 0730;
				ORGANIZATIONNAME = "ISS-MWAD";
				TargetAttributes = {
					3F26A8561CC6BDBE005DFC4A = {
						CreatedOnToolsVersion = 7.3;
						DevelopmentTeam = X3L9WUZQLM;
					};
					3F26A86A1CC6BDBE005DFC4A = {
						CreatedOnToolsVersion = 7.3;
						DevelopmentTeam = X3L9WUZQLM;
						TestTargetID = 3F26A8561CC6BDBE005DFC4A;
					};
					3F26A8751CC6BDBE005DFC4A = {
						CreatedOnToolsVersion = 7.3;
						DevelopmentTeam = X3L9WUZQLM;
						TestTargetID = 3F26A8561CC6BDBE005DFC4A;
					};
				};
			};
			buildConfigurationList = 3F26A8521CC6BDBE005DFC4A /* Build configuration list for PBXProject "SliderCalculator" */;
			compatibilityVersion = "Xcode 3.2";
			developmentRegion = English;
			hasScannedForEncodings = 0;
			knownRegions = (
				en,
				Base,
			);
			mainGroup = 3F26A84E1CC6BDBE005DFC4A;
			productRefGroup = 3F26A8581CC6BDBE005DFC4A /* Products */;
			projectDirPath = "";
			projectRoot = "";
			targets = (
				3F26A8561CC6BDBE005DFC4A /* SliderCalculator */,
				3F26A86A1CC6BDBE005DFC4A /* SliderCalculatorTests */,
				3F26A8751CC6BDBE005DFC4A /* SliderCalculatorUITests */,
			);
		};
/* End PBXProject section */

/* Begin PBXResourcesBuildPhase section */
		3F26A8551CC6BDBE005DFC4A /* Resources */ = {
			isa = PBXResourcesBuildPhase;
			buildActionMask = 2147483647;
			files = (
				3F26A8651CC6BDBE005DFC4A /* LaunchScreen.storyboard in Resources */,
				3F26A8621CC6BDBE005DFC4A /* Assets.xcassets in Resources */,
				3F26A8601CC6BDBE005DFC4A /* Main.storyboard in Resources */,
			);
			runOnlyForDeploymentPostprocessing = 0;
		};
		3F26A8691CC6BDBE005DFC4A /* Resources */ = {
			isa = PBXResourcesBuildPhase;
			buildActionMask = 2147483647;
			files = (
			);
			runOnlyForDeploymentPostprocessing = 0;
		};
		3F26A8741CC6BDBE005DFC4A /* Resources */ = {
			isa = PBXResourcesBuildPhase;
			buildActionMask = 2147483647;
			files = (
			);
			runOnlyForDeploymentPostprocessing = 0;
		};
/* End PBXResourcesBuildPhase section */

/* Begin PBXSourcesBuildPhase section */
		3F26A8531CC6BDBE005DFC4A /* Sources */ = {
			isa = PBXSourcesBuildPhase;
			buildActionMask = 2147483647;
			files = (
				3F26A85D1CC6BDBE005DFC4A /* ViewController.swift in Sources */,
				3F26A85B1CC6BDBE005DFC4A /* AppDelegate.swift in Sources */,
			);
			runOnlyForDeploymentPostprocessing = 0;
		};
		3F26A8671CC6BDBE005DFC4A /* Sources */ = {
			isa = PBXSourcesBuildPhase;
			buildActionMask = 2147483647;
			files = (
				3F26A8701CC6BDBE005DFC4A /* SliderCalculatorTests.swift in Sources */,
			);
			runOnlyForDeploymentPostprocessing = 0;
		};
		3F26A8721CC6BDBE005DFC4A /* Sources */ = {
			isa = PBXSourcesBuildPhase;
			buildActionMask = 2147483647;
			files = (
				3F26A87B1CC6BDBE005DFC4A /* SliderCalculatorUITests.swift in Sources */,
			);
			runOnlyForDeploymentPostprocessing = 0;
		};
/* End PBXSourcesBuildPhase section */

/* Begin PBXTargetDependency section */
		3F26A86D1CC6BDBE005DFC4A /* PBXTargetDependency */ = {
			isa = PBXTargetDependency;
			target = 3F26A8561CC6BDBE005DFC4A /* SliderCalculator */;
			targetProxy = 3F26A86C1CC6BDBE005DFC4A /* PBXContainerItemProxy */;
		};
		3F26A8781CC6BDBE005DFC4A /* PBXTargetDependency */ = {
			isa = PBXTargetDependency;
			target = 3F26A8561CC6BDBE005DFC4A /* SliderCalculator */;
			targetProxy = 3F26A8771CC6BDBE005DFC4A /* PBXContainerItemProxy */;
		};
/* End PBXTargetDependency section */

/* Begin PBXVariantGroup section */
		3F26A85E1CC6BDBE005DFC4A /* Main.storyboard */ = {
			isa = PBXVariantGroup;
			children = (
				3F26A85F1CC6BDBE005DFC4A /* Base */,
			);
			name = Main.storyboard;
			sourceTree = "<group>";
		};
		3F26A8631CC6BDBE005DFC4A /* LaunchScreen.storyboard */ = {
			isa = PBXVariantGroup;
			children = (
				3F26A8641CC6BDBE005DFC4A /* Base */,
			);
			name = LaunchScreen.storyboard;
			sourceTree = "<group>";
		};
/* End PBXVariantGroup section */

/* Begin XCBuildConfiguration section */
		3F26A87D1CC6BDBE005DFC4A /* Debug */ = {
			isa = XCBuildConfiguration;
			buildSettings = {
				ALWAYS_SEARCH_USER_PATHS = NO;
				CLANG_ANALYZER_NONNULL = YES;
				CLANG_CXX_LANGUAGE_STANDARD = "gnu++0x";
				CLANG_CXX_LIBRARY = "libc++";
				CLANG_ENABLE_MODULES = YES;
				CLANG_ENABLE_OBJC_ARC = YES;
				CLANG_WARN_BOOL_CONVERSION = YES;
				CLANG_WARN_CONSTANT_CONVERSION = YES;
				CLANG_WARN_DIRECT_OBJC_ISA_USAGE = YES_ERROR;
				CLANG_WARN_EMPTY_BODY = YES;
				CLANG_WARN_ENUM_CONVERSION = YES;
				CLANG_WARN_INT_CONVERSION = YES;
				CLANG_WARN_OBJC_ROOT_CLASS = YES_ERROR;
				CLANG_WARN_UNREACHABLE_CODE = YES;
				CLANG_WARN__DUPLICATE_METHOD_MATCH = YES;
				"CODE_SIGN_IDENTITY[sdk=iphoneos*]" = "iPhone Developer";
				COPY_PHASE_STRIP = NO;
				DEBUG_INFORMATION_FORMAT = dwarf;
				ENABLE_STRICT_OBJC_MSGSEND = YES;
				ENABLE_TESTABILITY = YES;
				GCC_C_LANGUAGE_STANDARD = gnu99;
				GCC_DYNAMIC_NO_PIC = NO;
				GCC_NO_COMMON_BLOCKS = YES;
				GCC_OPTIMIZATION_LEVEL = 0;
				GCC_PREPROCESSOR_DEFINITIONS = (
					"DEBUG=1",
					"$(inherited)",
				);
				GCC_WARN_64_TO_32_BIT_CONVERSION = YES;
				GCC_WARN_ABOUT_RETURN_TYPE = YES_ERROR;
				GCC_WARN_UNDECLARED_SELECTOR = YES;
				GCC_WARN_UNINITIALIZED_AUTOS = YES_AGGRESSIVE;
				GCC_WARN_UNUSED_FUNCTION = YES;
				GCC_WARN_UNUSED_VARIABLE = YES;
				IPHONEOS_DEPLOYMENT_TARGET = 9.3;
				MTL_ENABLE_DEBUG_INFO = YES;
				ONLY_ACTIVE_ARCH = YES;
				SDKROOT = iphoneos;
				SWIFT_OPTIMIZATION_LEVEL = "-Onone";
			};
			name = Debug;
		};
		3F26A87E1CC6BDBE005DFC4A /* Release */ = {
			isa = XCBuildConfiguration;
			buildSettings = {
				ALWAYS_SEARCH_USER_PATHS = NO;
				CLANG_ANALYZER_NONNULL = YES;
				CLANG_CXX_LANGUAGE_STANDARD = "gnu++0x";
				CLANG_CXX_LIBRARY = "libc++";
				CLANG_ENABLE_MODULES = YES;
				CLANG_ENABLE_OBJC_ARC = YES;
				CLANG_WARN_BOOL_CONVERSION = YES;
				CLANG_WARN_CONSTANT_CONVERSION = YES;
				CLANG_WARN_DIRECT_OBJC_ISA_USAGE = YES_ERROR;
				CLANG_WARN_EMPTY_BODY = YES;
				CLANG_WARN_ENUM_CONVERSION = YES;
				CLANG_WARN_INT_CONVERSION = YES;
				CLANG_WARN_OBJC_ROOT_CLASS = YES_ERROR;
				CLANG_WARN_UNREACHABLE_CODE = YES;
				CLANG_WARN__DUPLICATE_METHOD_MATCH = YES;
				"CODE_SIGN_IDENTITY[sdk=iphoneos*]" = "iPhone Developer";
				COPY_PHASE_STRIP = NO;
				DEBUG_INFORMATION_FORMAT = "dwarf-with-dsym";
				ENABLE_NS_ASSERTIONS = NO;
				ENABLE_STRICT_OBJC_MSGSEND = YES;
				GCC_C_LANGUAGE_STANDARD = gnu99;
				GCC_NO_COMMON_BLOCKS = YES;
				GCC_WARN_64_TO_32_BIT_CONVERSION = YES;
				GCC_WARN_ABOUT_RETURN_TYPE = YES_ERROR;
				GCC_WARN_UNDECLARED_SELECTOR = YES;
				GCC_WARN_UNINITIALIZED_AUTOS = YES_AGGRESSIVE;
				GCC_WARN_UNUSED_FUNCTION = YES;
				GCC_WARN_UNUSED_VARIABLE = YES;
				IPHONEOS_DEPLOYMENT_TARGET = 9.3;
				MTL_ENABLE_DEBUG_INFO = NO;
				SDKROOT = iphoneos;
				VALIDATE_PRODUCT = YES;
			};
			name = Release;
		};
		3F26A8801CC6BDBE005DFC4A /* Debug */ = {
			isa = XCBuildConfiguration;
			buildSettings = {
				ASSETCATALOG_COMPILER_APPICON_NAME = AppIcon;
				INFOPLIST_FILE = SliderCalculator/Info.plist;
				LD_RUNPATH_SEARCH_PATHS = "$(inherited) @executable_path/Frameworks";
				PRODUCT_BUNDLE_IDENTIFIER = sg.edu.nus.iss.wlad.SliderCalculator;
				PRODUCT_NAME = "$(TARGET_NAME)";
			};
			name = Debug;
		};
		3F26A8811CC6BDBE005DFC4A /* Release */ = {
			isa = XCBuildConfiguration;
			buildSettings = {
				ASSETCATALOG_COMPILER_APPICON_NAME = AppIcon;
				INFOPLIST_FILE = SliderCalculator/Info.plist;
				LD_RUNPATH_SEARCH_PATHS = "$(inherited) @executable_path/Frameworks";
				PRODUCT_BUNDLE_IDENTIFIER = sg.edu.nus.iss.wlad.SliderCalculator;
				PRODUCT_NAME = "$(TARGET_NAME)";
			};
			name = Release;
		};
		3F26A8831CC6BDBE005DFC4A /* Debug */ = {
			isa = XCBuildConfiguration;
			buildSettings = {
				BUNDLE_LOADER = "$(TEST_HOST)";
				INFOPLIST_FILE = SliderCalculatorTests/Info.plist;
				LD_RUNPATH_SEARCH_PATHS = "$(inherited) @executable_path/Frameworks @loader_path/Frameworks";
				PRODUCT_BUNDLE_IDENTIFIER = sg.edu.nus.iss.wlad.SliderCalculatorTests;
				PRODUCT_NAME = "$(TARGET_NAME)";
				TEST_HOST = "$(BUILT_PRODUCTS_DIR)/SliderCalculator.app/SliderCalculator";
			};
			name = Debug;
		};
		3F26A8841CC6BDBE005DFC4A /* Release */ = {
			isa = XCBuildConfiguration;
			buildSettings = {
				BUNDLE_LOADER = "$(TEST_HOST)";
				INFOPLIST_FILE = SliderCalculatorTests/Info.plist;
				LD_RUNPATH_SEARCH_PATHS = "$(inherited) @executable_path/Frameworks @loader_path/Frameworks";
				PRODUCT_BUNDLE_IDENTIFIER = sg.edu.nus.iss.wlad.SliderCalculatorTests;
				PRODUCT_NAME = "$(TARGET_NAME)";
				TEST_HOST = "$(BUILT_PRODUCTS_DIR)/SliderCalculator.app/SliderCalculator";
			};
			name = Release;
		};
		3F26A8861CC6BDBE005DFC4A /* Debug */ = {
			isa = XCBuildConfiguration;
			buildSettings = {
				INFOPLIST_FILE = SliderCalculatorUITests/Info.plist;
				LD_RUNPATH_SEARCH_PATHS = "$(inherited) @executable_path/Frameworks @loader_path/Frameworks";
				PRODUCT_BUNDLE_IDENTIFIER = sg.edu.nus.iss.wlad.SliderCalculatorUITests;
				PRODUCT_NAME = "$(TARGET_NAME)";
				TEST_TARGET_NAME = SliderCalculator;
			};
			name = Debug;
		};
		3F26A8871CC6BDBE005DFC4A /* Release */ = {
			isa = XCBuildConfiguration;
			buildSettings = {
				INFOPLIST_FILE = SliderCalculatorUITests/Info.plist;
				LD_RUNPATH_SEARCH_PATHS = "$(inherited) @executable_path/Frameworks @loader_path/Frameworks";
				PRODUCT_BUNDLE_IDENTIFIER = sg.edu.nus.iss.wlad.SliderCalculatorUITests;
				PRODUCT_NAME = "$(TARGET_NAME)";
				TEST_TARGET_NAME = SliderCalculator;
			};
			name = Release;
		};
/* End XCBuildConfiguration section */

/* Begin XCConfigurationList section */
		3F26A8521CC6BDBE005DFC4A /* Build configuration list for PBXProject "SliderCalculator" */ = {
			isa = XCConfigurationList;
			buildConfigurations = (
				3F26A87D1CC6BDBE005DFC4A /* Debug */,
				3F26A87E1CC6BDBE005DFC4A /* Release */,
			);
			defaultConfigurationIsVisible = 0;
			defaultConfigurationName = Release;
		};
		3F26A87F1CC6BDBE005DFC4A /* Build configuration list for PBXNativeTarget "SliderCalculator" */ = {
			isa = XCConfigurationList;
			buildConfigurations = (
				3F26A8801CC6BDBE005DFC4A /* Debug */,
				3F26A8811CC6BDBE005DFC4A /* Release */,
			);
			defaultConfigurationIsVisible = 0;
		};
		3F26A8821CC6BDBE005DFC4A /* Build configuration list for PBXNativeTarget "SliderCalculatorTests" */ = {
			isa = XCConfigurationList;
			buildConfigurations = (
				3F26A8831CC6BDBE005DFC4A /* Debug */,
				3F26A8841CC6BDBE005DFC4A /* Release */,
			);
			defaultConfigurationIsVisible = 0;
		};
		3F26A8851CC6BDBE005DFC4A /* Build configuration list for PBXNativeTarget "SliderCalculatorUITests" */ = {
			isa = XCConfigurationList;
			buildConfigurations = (
				3F26A8861CC6BDBE005DFC4A /* Debug */,
				3F26A8871CC6BDBE005DFC4A /* Release */,
			);
			defaultConfigurationIsVisible = 0;
		};
/* End XCConfigurationList section */
	};
	rootObject = 3F26A84F1CC6BDBE005DFC4A /* Project object */;
}
